
Microsoft Visual Studio Solution File, Format Version 12.00
# Visual Studio Version 16
VisualStudioVersion = 16.0.31129.286
MinimumVisualStudioVersion = 10.0.40219.1
Project("{FAE04EC0-301F-11D3-BF4B-00C04F79EFBC}") = "MvcBootCamp", "MvcBootCamp\MvcBootCamp.csproj", "{C98E3D79-6758-47D3-9616-3E368736091B}"
EndProject
Global
	GlobalSection(SolutionConfigurationPlatforms) = preSolution
		Debug|Any CPU = Debug|Any CPU
		Release|Any CPU = Release|Any CPU
	EndGlobalSection
	GlobalSection(ProjectConfigurationPlatforms) = postSolution
		{C98E3D79-6758-47D3-9616-3E368736091B}.Debug|Any CPU.ActiveCfg = Debug|Any CPU
		{C98E3D79-6758-47D3-9616-3E368736091B}.Debug|Any CPU.Build.0 = Debug|Any CPU
		{C98E3D79-6758-47D3-9616-3E368736091B}.Release|Any CPU.ActiveCfg = Release|Any CPU
		{C98E3D79-6758-47D3-9616-3E368736091B}.Release|Any CPU.Build.0 = Release|Any CPU
	EndGlobalSection
	GlobalSection(SolutionProperties) = preSolution
		HideSolutionNode = FALSE
	EndGlobalSection
	GlobalSection(ExtensibilityGlobals) = postSolution
		SolutionGuid = {56CC8D57-FCC3-4150-A86A-84FFA9492FED}
	EndGlobalSection
EndGlobal
